{
  "name": "happening",
  "lockfileVersion": 3,
  "requires": true,
  "packages": {
    "": {
      "dependencies": {
        "@openai/codex": "^0.124.0"
      }
    },
    "node_modules/@openai/codex": {
      "version": "0.124.0",
      "resolved": "https://registry.npmjs.org/@openai/codex/-/codex-0.124.0.tgz",
      "integrity": "sha512-1EVAuPyAQZ8zIVMw3bPJ6a4R8ifLAZ7LGsOyknj5c2he9AFXVRCmWx12WrdZJ25wcBvOEKt1n1Zx+QAj0EVGbQ==",
      "bin": {
        "codex": "bin/codex.js"
      },
      "engines": {
        "node": ">=16"
      },
      "optionalDependencies": {
        "@openai/codex-darwin-arm64": "npm:@openai/codex@0.124.0-darwin-arm64",
        "@openai/codex-darwin-x64": "npm:@openai/codex@0.124.0-darwin-x64",
        "@openai/codex-linux-arm64": "npm:@openai/codex@0.124.0-linux-arm64",
        "@openai/codex-linux-x64": "npm:@openai/codex@0.124.0-linux-x64",
        "@openai/codex-win32-arm64": "npm:@openai/codex@0.124.0-win32-arm64",
        "@openai/codex-win32-x64": "npm:@openai/codex@0.124.0-win32-x64"
      }
    },
    "node_modules/@openai/codex-darwin-arm64": {
      "name": "@openai/codex",
      "version": "0.124.0-darwin-arm64",
      "resolved": "https://registry.npmjs.org/@openai/codex/-/codex-0.124.0-darwin-arm64.tgz",
      "integrity": "sha512-lnuqeAdl+RjPWsqVZ8rrPskRIOZmzlyr8e5q/wFVEnMPsm9dWgjRW1PKa84UmDSQVOuz9GObF28DEHFyC4A8NA==",
      "cpu": [
        "arm64"
      ],
      "optional": true,
      "os": [
        "darwin"
      ],
      "engines": {
        "node": ">=16"
      }
    },
    "node_modules/@openai/codex-darwin-x64": {
      "name": "@openai/codex",
      "version": "0.124.0-darwin-x64",
      "resolved": "https://registry.npmjs.org/@openai/codex/-/codex-0.124.0-darwin-x64.tgz",
      "integrity": "sha512-Br+VlL83IOu96Urw+mkZ1PQXLsQXGAYEH6kXNt4ULuVt7qAdQY2FKYwIgLLVLl0vpMk8qWxdfdVMqhiu2uCHlg==",
      "cpu": [
        "x64"
      ],
      "optional": true,
      "os": [
        "darwin"
      ],
      "engines": {
        "node": ">=16"
      }
    },
    "node_modules/@openai/codex-linux-arm64": {
      "name": "@openai/codex",
      "version": "0.124.0-linux-arm64",
      "resolved": "https://registry.npmjs.org/@openai/codex/-/codex-0.124.0-linux-arm64.tgz",
      "integrity": "sha512-QXafFVQJxPfU1LSCI5afuHsF5evKAcbQpFuKou0Kl241/HG/zYHdwoWj546zH844gJgegIPAxPf36+RSkUsbbA==",
      "cpu": [
        "arm64"
      ],
      "optional": true,
      "os": [
        "linux"
      ],
      "engines": {
        "node": ">=16"
      }
    },
    "node_modules/@openai/codex-linux-x64": {
      "name": "@openai/codex",
      "version": "0.124.0-linux-x64",
      "resolved": "https://registry.npmjs.org/@openai/codex/-/codex-0.124.0-linux-x64.tgz",
      "integrity": "sha512-cJ4QfQIrz2gkXVWephiGo9JDyD3qLKhvkTTLk7gI8rKd7MZpVXn9/1e7pZCQnJVA7Dk6ocA5G+sxnR78SoIejw==",
      "cpu": [
        "x64"
      ],
      "optional": true,
      "os": [
        "linux"
      ],
      "engines": {
        "node": ">=16"
      }
    },
    "node_modules/@openai/codex-win32-arm64": {
      "name": "@openai/codex",
      "version": "0.124.0-win32-arm64",
      "resolved": "https://registry.npmjs.org/@openai/codex/-/codex-0.124.0-win32-arm64.tgz",
      "integrity": "sha512-oDSI/CQh0kagBwWVPG9EiUBfHiY27ju3LPrjTVZg4VMpVJVNA31JTK8rHMZ6G/2gfNmOl6DMBA6+0ICxSkkshg==",
      "cpu": [
        "arm64"
      ],
      "optional": true,
      "os": [
        "win32"
      ],
      "engines": {
        "node": ">=16"
      }
    },
    "node_modules/@openai/codex-win32-x64": {
      "name": "@openai/codex",
      "version": "0.124.0-win32-x64",
      "resolved": "https://registry.npmjs.org/@openai/codex/-/codex-0.124.0-win32-x64.tgz",
      "integrity": "sha512-t+lAwmCWwIWQKk6dKaYetRhQsmA+uDmQy1NLka1xAAv3PlNOH8iNz9Lsisr3qYkBR8Tf7tbQlt+pl9tw/A5mfA==",
      "cpu": [
        "x64"
      ],
      "optional": true,
      "os": [
        "win32"
      ],
      "engines": {
        "node": ">=16"
      }
    }
  }
}
